// !$*UTF8*$!
{
	archiveVersion = 1;
	classes = {
	};
	objectVersion = 56;
	objects = {

/* Begin PBXBuildFile section */
		147ADB0F2AFA6F5F00CD510D /* SearchViewController.swift in Sources */ = {isa = PBXBuildFile; fileRef = 147ADB0E2AFA6F5F00CD510D /* SearchViewController.swift */; };
		147ADB122AFA6F9600CD510D /* SearchViewModel.swift in Sources */ = {isa = PBXBuildFile; fileRef = 147ADB112AFA6F9600CD510D /* SearchViewModel.swift */; };
		14936A9E2AFB6008004B8FD0 /* Network.swift in Sources */ = {isa = PBXBuildFile; fileRef = 14936A9D2AFB6008004B8FD0 /* Network.swift */; };
		14936AA42AFB64C3004B8FD0 /* SearchTableViewCell.swift in Sources */ = {isa = PBXBuildFile; fileRef = 14936AA32AFB64C3004B8FD0 /* SearchTableViewCell.swift */; };
		14936AA72AFB6C20004B8FD0 /* Kingfisher in Frameworks */ = {isa = PBXBuildFile; productRef = 14936AA62AFB6C20004B8FD0 /* Kingfisher */; };
		149DBF962AF7D5F700E59738 /* SnapKit in Frameworks */ = {isa = PBXBuildFile; productRef = 149DBF952AF7D5F700E59738 /* SnapKit */; };
		149DBF992AF7D60B00E59738 /* RxCocoa in Frameworks */ = {isa = PBXBuildFile; productRef = 149DBF982AF7D60B00E59738 /* RxCocoa */; };
		149DBF9B2AF7D60B00E59738 /* RxRelay in Frameworks */ = {isa = PBXBuildFile; productRef = 149DBF9A2AF7D60B00E59738 /* RxRelay */; };
		149DBF9D2AF7D6D000E59738 /* ShoppingTableViewCell.swift in Sources */ = {isa = PBXBuildFile; fileRef = 149DBF9C2AF7D6D000E59738 /* ShoppingTableViewCell.swift */; };
		149DBF9F2AF7DDB800E59738 /* Model.swift in Sources */ = {isa = PBXBuildFile; fileRef = 149DBF9E2AF7DDB800E59738 /* Model.swift */; };
		14BEE69A2AF8D65400A52D66 /* ShoppingDetailViewController.swift in Sources */ = {isa = PBXBuildFile; fileRef = 14BEE6992AF8D65400A52D66 /* ShoppingDetailViewController.swift */; };
		14BEE69F2AF8F59D00A52D66 /* ShoppingDetailViewModel.swift in Sources */ = {isa = PBXBuildFile; fileRef = 14BEE69E2AF8F59D00A52D66 /* ShoppingDetailViewModel.swift */; };
		14D649932AF51ECA00798A28 /* AppDelegate.swift in Sources */ = {isa = PBXBuildFile; fileRef = 14D649922AF51ECA00798A28 /* AppDelegate.swift */; };
		14D649952AF51ECA00798A28 /* SceneDelegate.swift in Sources */ = {isa = PBXBuildFile; fileRef = 14D649942AF51ECA00798A28 /* SceneDelegate.swift */; };
		14D649972AF51ECA00798A28 /* ViewController.swift in Sources */ = {isa = PBXBuildFile; fileRef = 14D649962AF51ECA00798A28 /* ViewController.swift */; };
		14D6499A2AF51ECA00798A28 /* Main.storyboard in Resources */ = {isa = PBXBuildFile; fileRef = 14D649982AF51ECA00798A28 /* Main.storyboard */; };
		14D6499C2AF51ECC00798A28 /* Assets.xcassets in Resources */ = {isa = PBXBuildFile; fileRef = 14D6499B2AF51ECC00798A28 /* Assets.xcassets */; };
		14D6499F2AF51ECC00798A28 /* LaunchScreen.storyboard in Resources */ = {isa = PBXBuildFile; fileRef = 14D6499D2AF51ECC00798A28 /* LaunchScreen.storyboard */; };
		14D649A72AF51F4800798A28 /* ShoppingViewController.swift in Sources */ = {isa = PBXBuildFile; fileRef = 14D649A62AF51F4800798A28 /* ShoppingViewController.swift */; };
		14D649A92AF51F7400798A28 /* ShoppingViewModel.swift in Sources */ = {isa = PBXBuildFile; fileRef = 14D649A82AF51F7400798A28 /* ShoppingViewModel.swift */; };
/* End PBXBuildFile section */

/* Begin PBXFileReference section */
		147ADB0E2AFA6F5F00CD510D /* SearchViewController.swift */ = {isa = PBXFileReference; lastKnownFileType = sourcecode.swift; path = SearchViewController.swift; sourceTree = "<group>"; };
		147ADB112AFA6F9600CD510D /* SearchViewModel.swift */ = {isa = PBXFileReference; lastKnownFileType = sourcecode.swift; path = SearchViewModel.swift; sourceTree = "<group>"; };
		14936A9D2AFB6008004B8FD0 /* Network.swift */ = {isa = PBXFileReference; lastKnownFileType = sourcecode.swift; path = Network.swift; sourceTree = "<group>"; };
		14936AA32AFB64C3004B8FD0 /* SearchTableViewCell.swift */ = {isa = PBXFileReference; lastKnownFileType = sourcecode.swift; path = SearchTableViewCell.swift; sourceTree = "<group>"; };
		149DBF9C2AF7D6D000E59738 /* ShoppingTableViewCell.swift */ = {isa = PBXFileReference; lastKnownFileType = sourcecode.swift; path = ShoppingTableViewCell.swift; sourceTree = "<group>"; };
		149DBF9E2AF7DDB800E59738 /* Model.swift */ = {isa = PBXFileReference; lastKnownFileType = sourcecode.swift; path = Model.swift; sourceTree = "<group>"; };
		14BEE6992AF8D65400A52D66 /* ShoppingDetailViewController.swift */ = {isa = PBXFileReference; lastKnownFileType = sourcecode.swift; path = ShoppingDetailViewController.swift; sourceTree = "<group>"; };
		14BEE69E2AF8F59D00A52D66 /* ShoppingDetailViewModel.swift */ = {isa = PBXFileReference; lastKnownFileType = sourcecode.swift; path = ShoppingDetailViewModel.swift; sourceTree = "<group>"; };
		14D6498F2AF51ECA00798A28 /* RxSwiftShoppingList.app */ = {isa = PBXFileReference; explicitFileType = wrapper.application; includeInIndex = 0; path = RxSwiftShoppingList.app; sourceTree = BUILT_PRODUCTS_DIR; };
		14D649922AF51ECA00798A28 /* AppDelegate.swift */ = {isa = PBXFileReference; lastKnownFileType = sourcecode.swift; path = AppDelegate.swift; sourceTree = "<group>"; };
		14D649942AF51ECA00798A28 /* SceneDelegate.swift */ = {isa = PBXFileReference; lastKnownFileType = sourcecode.swift; path = SceneDelegate.swift; sourceTree = "<group>"; };
		14D649962AF51ECA00798A28 /* ViewController.swift */ = {isa = PBXFileReference; lastKnownFileType = sourcecode.swift; path = ViewController.swift; sourceTree = "<group>"; };
		14D649992AF51ECA00798A28 /* Base */ = {isa = PBXFileReference; lastKnownFileType = file.storyboard; name = Base; path = Base.lproj/Main.storyboard; sourceTree = "<group>"; };
		14D6499B2AF51ECC00798A28 /* Assets.xcassets */ = {isa = PBXFileReference; lastKnownFileType = folder.assetcatalog; path = Assets.xcassets; sourceTree = "<group>"; };
		14D6499E2AF51ECC00798A28 /* Base */ = {isa = PBXFileReference; lastKnownFileType = file.storyboard; name = Base; path = Base.lproj/LaunchScreen.storyboard; sourceTree = "<group>"; };
		14D649A02AF51ECC00798A28 /* Info.plist */ = {isa = PBXFileReference; lastKnownFileType = text.plist.xml; path = Info.plist; sourceTree = "<group>"; };
		14D649A62AF51F4800798A28 /* ShoppingViewController.swift */ = {isa = PBXFileReference; lastKnownFileType = sourcecode.swift; path = ShoppingViewController.swift; sourceTree = "<group>"; };
		14D649A82AF51F7400798A28 /* ShoppingViewModel.swift */ = {isa = PBXFileReference; lastKnownFileType = sourcecode.swift; path = ShoppingViewModel.swift; sourceTree = "<group>"; };
/* End PBXFileReference section */

/* Begin PBXFrameworksBuildPhase section */
		14D6498C2AF51ECA00798A28 /* Frameworks */ = {
			isa = PBXFrameworksBuildPhase;
			buildActionMask = 2147483647;
			files = (
				14936AA72AFB6C20004B8FD0 /* Kingfisher in Frameworks */,
				149DBF9B2AF7D60B00E59738 /* RxRelay in Frameworks */,
				149DBF992AF7D60B00E59738 /* RxCocoa in Frameworks */,
				149DBF962AF7D5F700E59738 /* SnapKit in Frameworks */,
			);
			runOnlyForDeploymentPostprocessing = 0;
		};
/* End PBXFrameworksBuildPhase section */

/* Begin PBXGroup section */
		147ADB102AFA6F6800CD510D /* iTunes */ = {
			isa = PBXGroup;
			children = (
				14936AA32AFB64C3004B8FD0 /* SearchTableViewCell.swift */,
				147ADB0E2AFA6F5F00CD510D /* SearchViewController.swift */,
				147ADB112AFA6F9600CD510D /* SearchViewModel.swift */,
			);
			path = iTunes;
			sourceTree = "<group>";
		};
		14BEE69B2AF8F56D00A52D66 /* Model */ = {
			isa = PBXGroup;
			children = (
				149DBF9E2AF7DDB800E59738 /* Model.swift */,
			);
			path = Model;
			sourceTree = "<group>";
		};
		14BEE69C2AF8F57500A52D66 /* Shopping */ = {
			isa = PBXGroup;
			children = (
				149DBF9C2AF7D6D000E59738 /* ShoppingTableViewCell.swift */,
				14D649A62AF51F4800798A28 /* ShoppingViewController.swift */,
				14D649A82AF51F7400798A28 /* ShoppingViewModel.swift */,
			);
			path = Shopping;
			sourceTree = "<group>";
		};
		14BEE69D2AF8F58B00A52D66 /* ShoppingDetail */ = {
			isa = PBXGroup;
			children = (
				14BEE6992AF8D65400A52D66 /* ShoppingDetailViewController.swift */,
				14BEE69E2AF8F59D00A52D66 /* ShoppingDetailViewModel.swift */,
			);
			path = ShoppingDetail;
			sourceTree = "<group>";
		};
		14D649862AF51ECA00798A28 = {
			isa = PBXGroup;
			children = (
				14D649912AF51ECA00798A28 /* RxSwiftShoppingList */,
				14D649902AF51ECA00798A28 /* Products */,
			);
			sourceTree = "<group>";
		};
		14D649902AF51ECA00798A28 /* Products */ = {
			isa = PBXGroup;
			children = (
				14D6498F2AF51ECA00798A28 /* RxSwiftShoppingList.app */,
			);
			name = Products;
			sourceTree = "<group>";
		};
		14D649912AF51ECA00798A28 /* RxSwiftShoppingList */ = {
			isa = PBXGroup;
			children = (
				14D649922AF51ECA00798A28 /* AppDelegate.swift */,
				14D649942AF51ECA00798A28 /* SceneDelegate.swift */,
				14936A9D2AFB6008004B8FD0 /* Network.swift */,
				14BEE69B2AF8F56D00A52D66 /* Model */,
				14BEE69C2AF8F57500A52D66 /* Shopping */,
				14BEE69D2AF8F58B00A52D66 /* ShoppingDetail */,
				147ADB102AFA6F6800CD510D /* iTunes */,
				14D649962AF51ECA00798A28 /* ViewController.swift */,
				14D649982AF51ECA00798A28 /* Main.storyboard */,
				14D6499B2AF51ECC00798A28 /* Assets.xcassets */,
				14D6499D2AF51ECC00798A28 /* LaunchScreen.storyboard */,
				14D649A02AF51ECC00798A28 /* Info.plist */,
			);
			path = RxSwiftShoppingList;
			sourceTree = "<group>";
		};
/* End PBXGroup section */

/* Begin PBXNativeTarget section */
		14D6498E2AF51ECA00798A28 /* RxSwiftShoppingList */ = {
			isa = PBXNativeTarget;
			buildConfigurationList = 14D649A32AF51ECC00798A28 /* Build configuration list for PBXNativeTarget "RxSwiftShoppingList" */;
			buildPhases = (
				14D6498B2AF51ECA00798A28 /* Sources */,
				14D6498C2AF51ECA00798A28 /* Frameworks */,
				14D6498D2AF51ECA00798A28 /* Resources */,
			);
			buildRules = (
			);
			dependencies = (
			);
			name = RxSwiftShoppingList;
			packageProductDependencies = (
				149DBF952AF7D5F700E59738 /* SnapKit */,
				149DBF982AF7D60B00E59738 /* RxCocoa */,
				149DBF9A2AF7D60B00E59738 /* RxRelay */,
				14936AA62AFB6C20004B8FD0 /* Kingfisher */,
			);
			productName = RxSwiftShoppingList;
			productReference = 14D6498F2AF51ECA00798A28 /* RxSwiftShoppingList.app */;
			productType = "com.apple.product-type.application";
		};
/* End PBXNativeTarget section */

/* Begin PBXProject section */
		14D649872AF51ECA00798A28 /* Project object */ = {
			isa = PBXProject;
			attributes = {
				BuildIndependentTargetsInParallel = 1;
				LastSwiftUpdateCheck = 1500;
				LastUpgradeCheck = 1500;
				TargetAttributes = {
					14D6498E2AF51ECA00798A28 = {
						CreatedOnToolsVersion = 15.0.1;
					};
				};
			};
			buildConfigurationList = 14D6498A2AF51ECA00798A28 /* Build configuration list for PBXProject "RxSwiftShoppingList" */;
			compatibilityVersion = "Xcode 14.0";
			developmentRegion = en;
			hasScannedForEncodings = 0;
			knownRegions = (
				en,
				Base,
			);
			mainGroup = 14D649862AF51ECA00798A28;
			packageReferences = (
				149DBF942AF7D5F700E59738 /* XCRemoteSwiftPackageReference "SnapKit" */,
				149DBF972AF7D60B00E59738 /* XCRemoteSwiftPackageReference "RxSwift" */,
				14936AA52AFB6C20004B8FD0 /* XCRemoteSwiftPackageReference "Kingfisher" */,
			);
			productRefGroup = 14D649902AF51ECA00798A28 /* Products */;
			projectDirPath = "";
			projectRoot = "";
			targets = (
				14D6498E2AF51ECA00798A28 /* RxSwiftShoppingList */,
			);
		};
/* End PBXProject section */

/* Begin PBXResourcesBuildPhase section */
		14D6498D2AF51ECA00798A28 /* Resources */ = {
			isa = PBXResourcesBuildPhase;
			buildActionMask = 2147483647;
			files = (
				14D6499F2AF51ECC00798A28 /* LaunchScreen.storyboard in Resources */,
				14D6499C2AF51ECC00798A28 /* Assets.xcassets in Resources */,
				14D6499A2AF51ECA00798A28 /* Main.storyboard in Resources */,
			);
			runOnlyForDeploymentPostprocessing = 0;
		};
/* End PBXResourcesBuildPhase section */

/* Begin PBXSourcesBuildPhase section */
		14D6498B2AF51ECA00798A28 /* Sources */ = {
			isa = PBXSourcesBuildPhase;
			buildActionMask = 2147483647;
			files = (
				147ADB122AFA6F9600CD510D /* SearchViewModel.swift in Sources */,
				147ADB0F2AFA6F5F00CD510D /* SearchViewController.swift in Sources */,
				14936A9E2AFB6008004B8FD0 /* Network.swift in Sources */,
				149DBF9F2AF7DDB800E59738 /* Model.swift in Sources */,
				14D649972AF51ECA00798A28 /* ViewController.swift in Sources */,
				149DBF9D2AF7D6D000E59738 /* ShoppingTableViewCell.swift in Sources */,
				14BEE69F2AF8F59D00A52D66 /* ShoppingDetailViewModel.swift in Sources */,
				14BEE69A2AF8D65400A52D66 /* ShoppingDetailViewController.swift in Sources */,
				14936AA42AFB64C3004B8FD0 /* SearchTableViewCell.swift in Sources */,
				14D649932AF51ECA00798A28 /* AppDelegate.swift in Sources */,
				14D649A92AF51F7400798A28 /* ShoppingViewModel.swift in Sources */,
				14D649A72AF51F4800798A28 /* ShoppingViewController.swift in Sources */,
				14D649952AF51ECA00798A28 /* SceneDelegate.swift in Sources */,
			);
			runOnlyForDeploymentPostprocessing = 0;
		};
/* End PBXSourcesBuildPhase section */

/* Begin PBXVariantGroup section */
		14D649982AF51ECA00798A28 /* Main.storyboard */ = {
			isa = PBXVariantGroup;
			children = (
				14D649992AF51ECA00798A28 /* Base */,
			);
			name = Main.storyboard;
			sourceTree = "<group>";
		};
		14D6499D2AF51ECC00798A28 /* LaunchScreen.storyboard */ = {
			isa = PBXVariantGroup;
			children = (
				14D6499E2AF51ECC00798A28 /* Base */,
			);
			name = LaunchScreen.storyboard;
			sourceTree = "<group>";
		};
/* End PBXVariantGroup section */

/* Begin XCBuildConfiguration section */
		14D649A12AF51ECC00798A28 /* Debug */ = {
			isa = XCBuildConfiguration;
			buildSettings = {
				ALWAYS_SEARCH_USER_PATHS = NO;
				ASSETCATALOG_COMPILER_GENERATE_SWIFT_ASSET_SYMBOL_EXTENSIONS = YES;
				CLANG_ANALYZER_NONNULL = YES;
				CLANG_ANALYZER_NUMBER_OBJECT_CONVERSION = YES_AGGRESSIVE;
				CLANG_CXX_LANGUAGE_STANDARD = "gnu++20";
				CLANG_ENABLE_MODULES = YES;
				CLANG_ENABLE_OBJC_ARC = YES;
				CLANG_ENABLE_OBJC_WEAK = YES;
				CLANG_WARN_BLOCK_CAPTURE_AUTORELEASING = YES;
				CLANG_WARN_BOOL_CONVERSION = YES;
				CLANG_WARN_COMMA = YES;
				CLANG_WARN_CONSTANT_CONVERSION = YES;
				CLANG_WARN_DEPRECATED_OBJC_IMPLEMENTATIONS = YES;
				CLANG_WARN_DIRECT_OBJC_ISA_USAGE = YES_ERROR;
				CLANG_WARN_DOCUMENTATION_COMMENTS = YES;
				CLANG_WARN_EMPTY_BODY = YES;
				CLANG_WARN_ENUM_CONVERSION = YES;
				CLANG_WARN_INFINITE_RECURSION = YES;
				CLANG_WARN_INT_CONVERSION = YES;
				CLANG_WARN_NON_LITERAL_NULL_CONVERSION = YES;
				CLANG_WARN_OBJC_IMPLICIT_RETAIN_SELF = YES;
				CLANG_WARN_OBJC_LITERAL_CONVERSION = YES;
				CLANG_WARN_OBJC_ROOT_CLASS = YES_ERROR;
				CLANG_WARN_QUOTED_INCLUDE_IN_FRAMEWORK_HEADER = YES;
				CLANG_WARN_RANGE_LOOP_ANALYSIS = YES;
				CLANG_WARN_STRICT_PROTOTYPES = YES;
				CLANG_WARN_SUSPICIOUS_MOVE = YES;
				CLANG_WARN_UNGUARDED_AVAILABILITY = YES_AGGRESSIVE;
				CLANG_WARN_UNREACHABLE_CODE = YES;
				CLANG_WARN__DUPLICATE_METHOD_MATCH = YES;
				COPY_PHASE_STRIP = NO;
				DEBUG_INFORMATION_FORMAT = dwarf;
				ENABLE_STRICT_OBJC_MSGSEND = YES;
				ENABLE_TESTABILITY = YES;
				ENABLE_USER_SCRIPT_SANDBOXING = YES;
				GCC_C_LANGUAGE_STANDARD = gnu17;
				GCC_DYNAMIC_NO_PIC = NO;
				GCC_NO_COMMON_BLOCKS = YES;
				GCC_OPTIMIZATION_LEVEL = 0;
				GCC_PREPROCESSOR_DEFINITIONS = (
					"DEBUG=1",
					"$(inherited)",
				);
				GCC_WARN_64_TO_32_BIT_CONVERSION = YES;
				GCC_WARN_ABOUT_RETURN_TYPE = YES_ERROR;
				GCC_WARN_UNDECLARED_SELECTOR = YES;
				GCC_WARN_UNINITIALIZED_AUTOS = YES_AGGRESSIVE;
				GCC_WARN_UNUSED_FUNCTION = YES;
				GCC_WARN_UNUSED_VARIABLE = YES;
				IPHONEOS_DEPLOYMENT_TARGET = 17.0;
				LOCALIZATION_PREFERS_STRING_CATALOGS = YES;
				MTL_ENABLE_DEBUG_INFO = INCLUDE_SOURCE;
				MTL_FAST_MATH = YES;
				ONLY_ACTIVE_ARCH = YES;
				SDKROOT = iphoneos;
				SWIFT_ACTIVE_COMPILATION_CONDITIONS = "DEBUG $(inherited)";
				SWIFT_OPTIMIZATION_LEVEL = "-Onone";
			};
			name = Debug;
		};
		14D649A22AF51ECC00798A28 /* Release */ = {
			isa = XCBuildConfiguration;
			buildSettings = {
				ALWAYS_SEARCH_USER_PATHS = NO;
				ASSETCATALOG_COMPILER_GENERATE_SWIFT_ASSET_SYMBOL_EXTENSIONS = YES;
				CLANG_ANALYZER_NONNULL = YES;
				CLANG_ANALYZER_NUMBER_OBJECT_CONVERSION = YES_AGGRESSIVE;
				CLANG_CXX_LANGUAGE_STANDARD = "gnu++20";
				CLANG_ENABLE_MODULES = YES;
				CLANG_ENABLE_OBJC_ARC = YES;
				CLANG_ENABLE_OBJC_WEAK = YES;
				CLANG_WARN_BLOCK_CAPTURE_AUTORELEASING = YES;
				CLANG_WARN_BOOL_CONVERSION = YES;
				CLANG_WARN_COMMA = YES;
				CLANG_WARN_CONSTANT_CONVERSION = YES;
				CLANG_WARN_DEPRECATED_OBJC_IMPLEMENTATIONS = YES;
				CLANG_WARN_DIRECT_OBJC_ISA_USAGE = YES_ERROR;
				CLANG_WARN_DOCUMENTATION_COMMENTS = YES;
				CLANG_WARN_EMPTY_BODY = YES;
				CLANG_WARN_ENUM_CONVERSION = YES;
				CLANG_WARN_INFINITE_RECURSION = YES;
				CLANG_WARN_INT_CONVERSION = YES;
				CLANG_WARN_NON_LITERAL_NULL_CONVERSION = YES;
				CLANG_WARN_OBJC_IMPLICIT_RETAIN_SELF = YES;
				CLANG_WARN_OBJC_LITERAL_CONVERSION = YES;
				CLANG_WARN_OBJC_ROOT_CLASS = YES_ERROR;
				CLANG_WARN_QUOTED_INCLUDE_IN_FRAMEWORK_HEADER = YES;
				CLANG_WARN_RANGE_LOOP_ANALYSIS = YES;
				CLANG_WARN_STRICT_PROTOTYPES = YES;
				CLANG_WARN_SUSPICIOUS_MOVE = YES;
				CLANG_WARN_UNGUARDED_AVAILABILITY = YES_AGGRESSIVE;
				CLANG_WARN_UNREACHABLE_CODE = YES;
				CLANG_WARN__DUPLICATE_METHOD_MATCH = YES;
				COPY_PHASE_STRIP = NO;
				DEBUG_INFORMATION_FORMAT = "dwarf-with-dsym";
				ENABLE_NS_ASSERTIONS = NO;
				ENABLE_STRICT_OBJC_MSGSEND = YES;
				ENABLE_USER_SCRIPT_SANDBOXING = YES;
				GCC_C_LANGUAGE_STANDARD = gnu17;
				GCC_NO_COMMON_BLOCKS = YES;
				GCC_WARN_64_TO_32_BIT_CONVERSION = YES;
				GCC_WARN_ABOUT_RETURN_TYPE = YES_ERROR;
				GCC_WARN_UNDECLARED_SELECTOR = YES;
				GCC_WARN_UNINITIALIZED_AUTOS = YES_AGGRESSIVE;
				GCC_WARN_UNUSED_FUNCTION = YES;
				GCC_WARN_UNUSED_VARIABLE = YES;
				IPHONEOS_DEPLOYMENT_TARGET = 17.0;
				LOCALIZATION_PREFERS_STRING_CATALOGS = YES;
				MTL_ENABLE_DEBUG_INFO = NO;
				MTL_FAST_MATH = YES;
				SDKROOT = iphoneos;
				SWIFT_COMPILATION_MODE = wholemodule;
				VALIDATE_PRODUCT = YES;
			};
			name = Release;
		};
		14D649A42AF51ECC00798A28 /* Debug */ = {
			isa = XCBuildConfiguration;
			buildSettings = {
				ASSETCATALOG_COMPILER_APPICON_NAME = AppIcon;
				ASSETCATALOG_COMPILER_GLOBAL_ACCENT_COLOR_NAME = AccentColor;
				CODE_SIGN_STYLE = Automatic;
				CURRENT_PROJECT_VERSION = 1;
				DEVELOPMENT_TEAM = DD66GTY4AT;
				GENERATE_INFOPLIST_FILE = YES;
				INFOPLIST_FILE = RxSwiftShoppingList/Info.plist;
				INFOPLIST_KEY_UIApplicationSupportsIndirectInputEvents = YES;
				INFOPLIST_KEY_UILaunchStoryboardName = LaunchScreen;
				INFOPLIST_KEY_UIMainStoryboardFile = Main;
				INFOPLIST_KEY_UISupportedInterfaceOrientations_iPad = "UIInterfaceOrientationPortrait UIInterfaceOrientationPortraitUpsideDown UIInterfaceOrientationLandscapeLeft UIInterfaceOrientationLandscapeRight";
				INFOPLIST_KEY_UISupportedInterfaceOrientations_iPhone = "UIInterfaceOrientationPortrait UIInterfaceOrientationLandscapeLeft UIInterfaceOrientationLandscapeRight";
				LD_RUNPATH_SEARCH_PATHS = (
					"$(inherited)",
					"@executable_path/Frameworks",
				);
				MARKETING_VERSION = 1.0;
				PRODUCT_BUNDLE_IDENTIFIER = com.raehoon.RxSwiftShoppingList;
				PRODUCT_NAME = "$(TARGET_NAME)";
				SWIFT_EMIT_LOC_STRINGS = YES;
				SWIFT_VERSION = 5.0;
				TARGETED_DEVICE_FAMILY = "1,2";
			};
			name = Debug;
		};
		14D649A52AF51ECC00798A28 /* Release */ = {
			isa = XCBuildConfiguration;
			buildSettings = {
				ASSETCATALOG_COMPILER_APPICON_NAME = AppIcon;
				ASSETCATALOG_COMPILER_GLOBAL_ACCENT_COLOR_NAME = AccentColor;
				CODE_SIGN_STYLE = Automatic;
				CURRENT_PROJECT_VERSION = 1;
				DEVELOPMENT_TEAM = DD66GTY4AT;
				GENERATE_INFOPLIST_FILE = YES;
				INFOPLIST_FILE = RxSwiftShoppingList/Info.plist;
				INFOPLIST_KEY_UIApplicationSupportsIndirectInputEvents = YES;
				INFOPLIST_KEY_UILaunchStoryboardName = LaunchScreen;
				INFOPLIST_KEY_UIMainStoryboardFile = Main;
				INFOPLIST_KEY_UISupportedInterfaceOrientations_iPad = "UIInterfaceOrientationPortrait UIInterfaceOrientationPortraitUpsideDown UIInterfaceOrientationLandscapeLeft UIInterfaceOrientationLandscapeRight";
				INFOPLIST_KEY_UISupportedInterfaceOrientations_iPhone = "UIInterfaceOrientationPortrait UIInterfaceOrientationLandscapeLeft UIInterfaceOrientationLandscapeRight";
				LD_RUNPATH_SEARCH_PATHS = (
					"$(inherited)",
					"@executable_path/Frameworks",
				);
				MARKETING_VERSION = 1.0;
				PRODUCT_BUNDLE_IDENTIFIER = com.raehoon.RxSwiftShoppingList;
				PRODUCT_NAME = "$(TARGET_NAME)";
				SWIFT_EMIT_LOC_STRINGS = YES;
				SWIFT_VERSION = 5.0;
				TARGETED_DEVICE_FAMILY = "1,2";
			};
			name = Release;
		};
/* End XCBuildConfiguration section */

/* Begin XCConfigurationList section */
		14D6498A2AF51ECA00798A28 /* Build configuration list for PBXProject "RxSwiftShoppingList" */ = {
			isa = XCConfigurationList;
			buildConfigurations = (
				14D649A12AF51ECC00798A28 /* Debug */,
				14D649A22AF51ECC00798A28 /* Release */,
			);
			defaultConfigurationIsVisible = 0;
			defaultConfigurationName = Release;
		};
		14D649A32AF51ECC00798A28 /* Build configuration list for PBXNativeTarget "RxSwiftShoppingList" */ = {
			isa = XCConfigurationList;
			buildConfigurations = (
				14D649A42AF51ECC00798A28 /* Debug */,
				14D649A52AF51ECC00798A28 /* Release */,
			);
			defaultConfigurationIsVisible = 0;
			defaultConfigurationName = Release;
		};
/* End XCConfigurationList section */

/* Begin XCRemoteSwiftPackageReference section */
		14936AA52AFB6C20004B8FD0 /* XCRemoteSwiftPackageReference "Kingfisher" */ = {
			isa = XCRemoteSwiftPackageReference;
			repositoryURL = "https://github.com/onevcat/Kingfisher.git";
			requirement = {
				kind = upToNextMajorVersion;
				minimumVersion = 7.10.0;
			};
		};
		149DBF942AF7D5F700E59738 /* XCRemoteSwiftPackageReference "SnapKit" */ = {
			isa = XCRemoteSwiftPackageReference;
			repositoryURL = "https://github.com/SnapKit/SnapKit.git";
			requirement = {
				kind = upToNextMajorVersion;
				minimumVersion = 5.6.0;
			};
		};
		149DBF972AF7D60B00E59738 /* XCRemoteSwiftPackageReference "RxSwift" */ = {
			isa = XCRemoteSwiftPackageReference;
			repositoryURL = "https://github.com/ReactiveX/RxSwift.git";
			requirement = {
				kind = upToNextMajorVersion;
				minimumVersion = 6.6.0;
			};
		};
/* End XCRemoteSwiftPackageReference section */

/* Begin XCSwiftPackageProductDependency section */
		14936AA62AFB6C20004B8FD0 /* Kingfisher */ = {
			isa = XCSwiftPackageProductDependency;
			package = 14936AA52AFB6C20004B8FD0 /* XCRemoteSwiftPackageReference "Kingfisher" */;
			productName = Kingfisher;
		};
		149DBF952AF7D5F700E59738 /* SnapKit */ = {
			isa = XCSwiftPackageProductDependency;
			package = 149DBF942AF7D5F700E59738 /* XCRemoteSwiftPackageReference "SnapKit" */;
			productName = SnapKit;
		};
		149DBF982AF7D60B00E59738 /* RxCocoa */ = {
			isa = XCSwiftPackageProductDependency;
			package = 149DBF972AF7D60B00E59738 /* XCRemoteSwiftPackageReference "RxSwift" */;
			productName = RxCocoa;
		};
		149DBF9A2AF7D60B00E59738 /* RxRelay */ = {
			isa = XCSwiftPackageProductDependency;
			package = 149DBF972AF7D60B00E59738 /* XCRemoteSwiftPackageReference "RxSwift" */;
			productName = RxRelay;
		};
/* End XCSwiftPackageProductDependency section */
	};
	rootObject = 14D649872AF51ECA00798A28 /* Project object */;
}
